
Microsoft Visual Studio Solution File, Format Version 12.00
# Visual Studio Version 16
VisualStudioVersion = 16.0.30114.105
MinimumVisualStudioVersion = 10.0.40219.1
Project("{2150E333-8FDC-42A3-9474-1A3956D46DE8}") = ".paket", ".paket", "{66AC50ED-E299-45EB-A46C-D054931A4E3A}"
	ProjectSection(SolutionItems) = preProject
		paket.dependencies = paket.dependencies
	EndProjectSection
EndProject
Project("{2150E333-8FDC-42A3-9474-1A3956D46DE8}") = "src", "src", "{8714E584-B570-4461-A8C0-75045A9A9850}"
EndProject
Project("{F2A71F9B-5D33-465A-A702-920D77279786}") = "FsMatrix", "src\FsMatrix\FsMatrix.fsproj", "{3D39DF2D-D1D7-4F94-9BA8-3BC19D68CAA2}"
EndProject
Global
	GlobalSection(SolutionConfigurationPlatforms) = preSolution
		Debug|Any CPU = Debug|Any CPU
		Release|Any CPU = Release|Any CPU
	EndGlobalSection
	GlobalSection(SolutionProperties) = preSolution
		HideSolutionNode = FALSE
	EndGlobalSection
	GlobalSection(ProjectConfigurationPlatforms) = postSolution
		{3D39DF2D-D1D7-4F94-9BA8-3BC19D68CAA2}.Debug|Any CPU.ActiveCfg = Debug|Any CPU
		{3D39DF2D-D1D7-4F94-9BA8-3BC19D68CAA2}.Debug|Any CPU.Build.0 = Debug|Any CPU
		{3D39DF2D-D1D7-4F94-9BA8-3BC19D68CAA2}.Release|Any CPU.ActiveCfg = Release|Any CPU
		{3D39DF2D-D1D7-4F94-9BA8-3BC19D68CAA2}.Release|Any CPU.Build.0 = Release|Any CPU
	EndGlobalSection
	GlobalSection(NestedProjects) = preSolution
		{3D39DF2D-D1D7-4F94-9BA8-3BC19D68CAA2} = {8714E584-B570-4461-A8C0-75045A9A9850}
	EndGlobalSection
EndGlobal
